
Microsoft Visual Studio Solution File, Format Version 12.00
# Visual Studio 2013
VisualStudioVersion = 12.0.31101.0
MinimumVisualStudioVersion = 10.0.40219.1
Project("{FAE04EC0-301F-11D3-BF4B-00C04F79EFBC}") = "Moteur", "AlgoGenRepartitionClasses\Moteur.csproj", "{2AB05252-6EC6-49D5-A295-24C532B01FC3}"
EndProject
Project("{FAE04EC0-301F-11D3-BF4B-00C04F79EFBC}") = "PORCAGEN", "AssistantRepartitionClassesCollege\PORCAGEN.csproj", "{9C0A5E26-BAE9-47FA-A172-DB5BDADC46FE}"
EndProject
Global
	GlobalSection(SolutionConfigurationPlatforms) = preSolution
		Debug|Any CPU = Debug|Any CPU
		Release|Any CPU = Release|Any CPU
	EndGlobalSection
	GlobalSection(ProjectConfigurationPlatforms) = postSolution
		{2AB05252-6EC6-49D5-A295-24C532B01FC3}.Debug|Any CPU.ActiveCfg = Debug|Any CPU
		{2AB05252-6EC6-49D5-A295-24C532B01FC3}.Debug|Any CPU.Build.0 = Debug|Any CPU
		{2AB05252-6EC6-49D5-A295-24C532B01FC3}.Release|Any CPU.ActiveCfg = Release|Any CPU
		{2AB05252-6EC6-49D5-A295-24C532B01FC3}.Release|Any CPU.Build.0 = Release|Any CPU
		{9C0A5E26-BAE9-47FA-A172-DB5BDADC46FE}.Debug|Any CPU.ActiveCfg = Debug|Any CPU
		{9C0A5E26-BAE9-47FA-A172-DB5BDADC46FE}.Debug|Any CPU.Build.0 = Debug|Any CPU
		{9C0A5E26-BAE9-47FA-A172-DB5BDADC46FE}.Release|Any CPU.ActiveCfg = Release|Any CPU
		{9C0A5E26-BAE9-47FA-A172-DB5BDADC46FE}.Release|Any CPU.Build.0 = Release|Any CPU
	EndGlobalSection
	GlobalSection(SolutionProperties) = preSolution
		HideSolutionNode = FALSE
	EndGlobalSection
EndGlobal
